
Microsoft Visual Studio Solution File, Format Version 12.00
# Visual Studio Version 16
VisualStudioVersion = 16.0.30907.101
MinimumVisualStudioVersion = 10.0.40219.1
Project("{FAE04EC0-301F-11D3-BF4B-00C04F79EFBC}") = "BackgroundTest", "BackgroundTest\BackgroundTest.csproj", "{6CDEF53B-BF52-44FD-ADC6-37857CBCC409}"
EndProject
Global
	GlobalSection(SolutionConfigurationPlatforms) = preSolution
		Debug|Any CPU = Debug|Any CPU
		Release|Any CPU = Release|Any CPU
	EndGlobalSection
	GlobalSection(ProjectConfigurationPlatforms) = postSolution
		{6CDEF53B-BF52-44FD-ADC6-37857CBCC409}.Debug|Any CPU.ActiveCfg = Debug|Any CPU
		{6CDEF53B-BF52-44FD-ADC6-37857CBCC409}.Debug|Any CPU.Build.0 = Debug|Any CPU
		{6CDEF53B-BF52-44FD-ADC6-37857CBCC409}.Release|Any CPU.ActiveCfg = Release|Any CPU
		{6CDEF53B-BF52-44FD-ADC6-37857CBCC409}.Release|Any CPU.Build.0 = Release|Any CPU
	EndGlobalSection
	GlobalSection(SolutionProperties) = preSolution
		HideSolutionNode = FALSE
	EndGlobalSection
	GlobalSection(ExtensibilityGlobals) = postSolution
		SolutionGuid = {F10E46EC-0F41-40CA-9FB6-3B7C47575D42}
	EndGlobalSection
EndGlobal
